// !$*UTF8*$!
{
	archiveVersion = 1;
	classes = {
	};
	objectVersion = 51;
	objects = {

/* Begin PBXBuildFile section */
		4EC4220F098B06ED94ADBC59 /* Pods_abs_name_ComponentExample.framework in Frameworks */ = {isa = PBXBuildFile; fileRef = 15B2859141BAA08532A91FF7 /* Pods_abs_name_ComponentExample.framework */; };
		FD13EF6C23603CBF00F772DD /* AppDelegate.swift in Sources */ = {isa = PBXBuildFile; fileRef = FD13EF6B23603CBF00F772DD /* AppDelegate.swift */; };
		FD13EF6E23603CBF00F772DD /* SceneDelegate.swift in Sources */ = {isa = PBXBuildFile; fileRef = FD13EF6D23603CBF00F772DD /* SceneDelegate.swift */; };
		FD13EF7023603CBF00F772DD /* ContentView.swift in Sources */ = {isa = PBXBuildFile; fileRef = FD13EF6F23603CBF00F772DD /* ContentView.swift */; };
		FD13EF7223603CC100F772DD /* Assets.xcassets in Resources */ = {isa = PBXBuildFile; fileRef = FD13EF7123603CC100F772DD /* Assets.xcassets */; };
		FD13EF7523603CC100F772DD /* Preview Assets.xcassets in Resources */ = {isa = PBXBuildFile; fileRef = FD13EF7423603CC100F772DD /* Preview Assets.xcassets */; };
		FD13EF7823603CC100F772DD /* LaunchScreen.storyboard in Resources */ = {isa = PBXBuildFile; fileRef = FD13EF7623603CC100F772DD /* LaunchScreen.storyboard */; };
		FD13EF8323603CC100F772DD /* ComponentExampleTests.swift in Sources */ = {isa = PBXBuildFile; fileRef = FD13EF8223603CC100F772DD /* ComponentExampleTests.swift */; };
		FD13EF8E23603CC100F772DD /* ComponentExampleUITests.swift in Sources */ = {isa = PBXBuildFile; fileRef = FD13EF8D23603CC100F772DD /* ComponentExampleUITests.swift */; };
		FD13EF9F23603E2C00F772DD /* CarouselView.xib in Resources */ = {isa = PBXBuildFile; fileRef = FD13EF9D23603E2B00F772DD /* CarouselView.xib */; };
		FD13EFA023603E2C00F772DD /* CarouselView.swift in Sources */ = {isa = PBXBuildFile; fileRef = FD13EF9E23603E2B00F772DD /* CarouselView.swift */; };
		FD506434236D636300FC8CE2 /* SearchBarPlaceHolder.swift in Sources */ = {isa = PBXBuildFile; fileRef = FD50642F236D636300FC8CE2 /* SearchBarPlaceHolder.swift */; };
		FD506435236D636300FC8CE2 /* SearchBarView.xib in Resources */ = {isa = PBXBuildFile; fileRef = FD506430236D636300FC8CE2 /* SearchBarView.xib */; };
		FD506436236D636300FC8CE2 /* SearchBarPlaceHolder.xib in Resources */ = {isa = PBXBuildFile; fileRef = FD506431236D636300FC8CE2 /* SearchBarPlaceHolder.xib */; };
		FD506437236D636300FC8CE2 /* SearchField.swift in Sources */ = {isa = PBXBuildFile; fileRef = FD506432236D636300FC8CE2 /* SearchField.swift */; };
		FD50643C236D637400FC8CE2 /* AlertController.swift in Sources */ = {isa = PBXBuildFile; fileRef = FD50643A236D637400FC8CE2 /* AlertController.swift */; };
		FD50643D236D637400FC8CE2 /* AlertController.xib in Resources */ = {isa = PBXBuildFile; fileRef = FD50643B236D637400FC8CE2 /* AlertController.xib */; };
		FD50644C236D638600FC8CE2 /* ShareViewController.xib in Resources */ = {isa = PBXBuildFile; fileRef = FD50643F236D638600FC8CE2 /* ShareViewController.xib */; };
		FD50644E236D638600FC8CE2 /* ShareViewController.swift in Sources */ = {isa = PBXBuildFile; fileRef = FD506441236D638600FC8CE2 /* ShareViewController.swift */; };
		FD50644F236D638600FC8CE2 /* ShareCell.xib in Resources */ = {isa = PBXBuildFile; fileRef = FD506442236D638600FC8CE2 /* ShareCell.xib */; };
		FD506450236D638600FC8CE2 /* BottomLineTextField.swift in Sources */ = {isa = PBXBuildFile; fileRef = FD506444236D638600FC8CE2 /* BottomLineTextField.swift */; };
		FD506452236D638600FC8CE2 /* SearchBarPlaceHolder.swift in Sources */ = {isa = PBXBuildFile; fileRef = FD506447236D638600FC8CE2 /* SearchBarPlaceHolder.swift */; };
		FD506453236D638600FC8CE2 /* SearchBarView.swift in Sources */ = {isa = PBXBuildFile; fileRef = FD506448236D638600FC8CE2 /* SearchBarView.swift */; };
		FD506454236D638600FC8CE2 /* SearchBarView.xib in Resources */ = {isa = PBXBuildFile; fileRef = FD506449236D638600FC8CE2 /* SearchBarView.xib */; };
		FD506455236D638600FC8CE2 /* SearchField.swift in Sources */ = {isa = PBXBuildFile; fileRef = FD50644A236D638600FC8CE2 /* SearchField.swift */; };
		FD506456236D638600FC8CE2 /* SearchBarPlaceHolder.xib in Resources */ = {isa = PBXBuildFile; fileRef = FD50644B236D638600FC8CE2 /* SearchBarPlaceHolder.xib */; };
		FD50645C236D639C00FC8CE2 /* NSAttributedString+Extensions.swift in Sources */ = {isa = PBXBuildFile; fileRef = FD506457236D639C00FC8CE2 /* NSAttributedString+Extensions.swift */; };
		FD50645E236D639C00FC8CE2 /* Double+Extension.swift in Sources */ = {isa = PBXBuildFile; fileRef = FD506459236D639C00FC8CE2 /* Double+Extension.swift */; };
		FD506460236D639C00FC8CE2 /* Collect+RemoveIndexs.swift in Sources */ = {isa = PBXBuildFile; fileRef = FD50645B236D639C00FC8CE2 /* Collect+RemoveIndexs.swift */; };
		FD50647A236D63AD00FC8CE2 /* CustomPresentTransition.swift in Sources */ = {isa = PBXBuildFile; fileRef = FD506463236D63AD00FC8CE2 /* CustomPresentTransition.swift */; };
		FD50647B236D63AD00FC8CE2 /* PresentScaleAnimator.swift in Sources */ = {isa = PBXBuildFile; fileRef = FD506464236D63AD00FC8CE2 /* PresentScaleAnimator.swift */; };
		FD50647C236D63AD00FC8CE2 /* PresentControllerProtocol.swift in Sources */ = {isa = PBXBuildFile; fileRef = FD506465236D63AD00FC8CE2 /* PresentControllerProtocol.swift */; };
		FD50647D236D63AD00FC8CE2 /* PresentAnimatorProtocol.swift in Sources */ = {isa = PBXBuildFile; fileRef = FD506466236D63AD00FC8CE2 /* PresentAnimatorProtocol.swift */; };
		FD50647E236D63AD00FC8CE2 /* PresentCoverVerticalAnimator.swift in Sources */ = {isa = PBXBuildFile; fileRef = FD506467236D63AD00FC8CE2 /* PresentCoverVerticalAnimator.swift */; };
		FD50647F236D63AD00FC8CE2 /* ConstUrl.swift in Sources */ = {isa = PBXBuildFile; fileRef = FD506468236D63AD00FC8CE2 /* ConstUrl.swift */; };
		FD506480236D63AD00FC8CE2 /* BaseViewModel.swift in Sources */ = {isa = PBXBuildFile; fileRef = FD506469236D63AD00FC8CE2 /* BaseViewModel.swift */; };
		FD506481236D63AD00FC8CE2 /* MJRefreshHeaderBridge.swift in Sources */ = {isa = PBXBuildFile; fileRef = FD50646A236D63AD00FC8CE2 /* MJRefreshHeaderBridge.swift */; };
		FD506482236D63AD00FC8CE2 /* StaticInfo.swift in Sources */ = {isa = PBXBuildFile; fileRef = FD50646B236D63AD00FC8CE2 /* StaticInfo.swift */; };
		FD506483236D63AD00FC8CE2 /* ConstUtil.swift in Sources */ = {isa = PBXBuildFile; fileRef = FD50646C236D63AD00FC8CE2 /* ConstUtil.swift */; };
		FD506484236D63AD00FC8CE2 /* RequestPageDataHandler.swift in Sources */ = {isa = PBXBuildFile; fileRef = FD50646E236D63AD00FC8CE2 /* RequestPageDataHandler.swift */; };
		FD506485236D63AD00FC8CE2 /* PagingRequestManager.swift in Sources */ = {isa = PBXBuildFile; fileRef = FD50646F236D63AD00FC8CE2 /* PagingRequestManager.swift */; };
		FD506486236D63AD00FC8CE2 /* RequestPageDataProtocol.swift in Sources */ = {isa = PBXBuildFile; fileRef = FD506470236D63AD00FC8CE2 /* RequestPageDataProtocol.swift */; };
		FD506487236D63AD00FC8CE2 /* RequestedPageDataModel.swift in Sources */ = {isa = PBXBuildFile; fileRef = FD506471236D63AD00FC8CE2 /* RequestedPageDataModel.swift */; };
		FD506488236D63AD00FC8CE2 /* PagableRequestModel.swift in Sources */ = {isa = PBXBuildFile; fileRef = FD506472236D63AD00FC8CE2 /* PagableRequestModel.swift */; };
		FD506489236D63AD00FC8CE2 /* PagableRequestProtocol.swift in Sources */ = {isa = PBXBuildFile; fileRef = FD506473236D63AD00FC8CE2 /* PagableRequestProtocol.swift */; };
		FD50648B236D63AD00FC8CE2 /* HttpHeader.swift in Sources */ = {isa = PBXBuildFile; fileRef = FD506475236D63AD00FC8CE2 /* HttpHeader.swift */; };
		FD50648E236D63AD00FC8CE2 /* JSONSubscriptEnum.swift in Sources */ = {isa = PBXBuildFile; fileRef = FD506478236D63AD00FC8CE2 /* JSONSubscriptEnum.swift */; };
/* End PBXBuildFile section */

/* Begin PBXContainerItemProxy section */
		FD13EF7F23603CC100F772DD /* PBXContainerItemProxy */ = {
			isa = PBXContainerItemProxy;
			containerPortal = FD13EF6023603CBF00F772DD /* Project object */;
			proxyType = 1;
			remoteGlobalIDString = FD13EF6723603CBF00F772DD;
			remoteInfo = ComponentExample;
		};
		FD13EF8A23603CC100F772DD /* PBXContainerItemProxy */ = {
			isa = PBXContainerItemProxy;
			containerPortal = FD13EF6023603CBF00F772DD /* Project object */;
			proxyType = 1;
			remoteGlobalIDString = FD13EF6723603CBF00F772DD;
			remoteInfo = ComponentExample;
		};
/* End PBXContainerItemProxy section */

/* Begin PBXFileReference section */
		0F003C1B53EA0EB0549EC19C /* Pods-abs_name-ComponentExample.debug.xcconfig */ = {isa = PBXFileReference; includeInIndex = 1; lastKnownFileType = text.xcconfig; name = "Pods-abs_name-ComponentExample.debug.xcconfig"; path = "Target Support Files/Pods-abs_name-ComponentExample/Pods-abs_name-ComponentExample.debug.xcconfig"; sourceTree = "<group>"; };
		15B2859141BAA08532A91FF7 /* Pods_abs_name_ComponentExample.framework */ = {isa = PBXFileReference; explicitFileType = wrapper.framework; includeInIndex = 0; path = Pods_abs_name_ComponentExample.framework; sourceTree = BUILT_PRODUCTS_DIR; };
		89E8CE9F36B07D46214AE3B0 /* Pods-abs_name-ComponentExample.release.xcconfig */ = {isa = PBXFileReference; includeInIndex = 1; lastKnownFileType = text.xcconfig; name = "Pods-abs_name-ComponentExample.release.xcconfig"; path = "Target Support Files/Pods-abs_name-ComponentExample/Pods-abs_name-ComponentExample.release.xcconfig"; sourceTree = "<group>"; };
		FD13EF6823603CBF00F772DD /* ComponentExample.app */ = {isa = PBXFileReference; explicitFileType = wrapper.application; includeInIndex = 0; path = ComponentExample.app; sourceTree = BUILT_PRODUCTS_DIR; };
		FD13EF6B23603CBF00F772DD /* AppDelegate.swift */ = {isa = PBXFileReference; lastKnownFileType = sourcecode.swift; path = AppDelegate.swift; sourceTree = "<group>"; };
		FD13EF6D23603CBF00F772DD /* SceneDelegate.swift */ = {isa = PBXFileReference; lastKnownFileType = sourcecode.swift; path = SceneDelegate.swift; sourceTree = "<group>"; };
		FD13EF6F23603CBF00F772DD /* ContentView.swift */ = {isa = PBXFileReference; lastKnownFileType = sourcecode.swift; path = ContentView.swift; sourceTree = "<group>"; };
		FD13EF7123603CC100F772DD /* Assets.xcassets */ = {isa = PBXFileReference; lastKnownFileType = folder.assetcatalog; path = Assets.xcassets; sourceTree = "<group>"; };
		FD13EF7423603CC100F772DD /* Preview Assets.xcassets */ = {isa = PBXFileReference; lastKnownFileType = folder.assetcatalog; path = "Preview Assets.xcassets"; sourceTree = "<group>"; };
		FD13EF7723603CC100F772DD /* Base */ = {isa = PBXFileReference; lastKnownFileType = file.storyboard; name = Base; path = Base.lproj/LaunchScreen.storyboard; sourceTree = "<group>"; };
		FD13EF7923603CC100F772DD /* Info.plist */ = {isa = PBXFileReference; lastKnownFileType = text.plist.xml; path = Info.plist; sourceTree = "<group>"; };
		FD13EF7E23603CC100F772DD /* ComponentExampleTests.xctest */ = {isa = PBXFileReference; explicitFileType = wrapper.cfbundle; includeInIndex = 0; path = ComponentExampleTests.xctest; sourceTree = BUILT_PRODUCTS_DIR; };
		FD13EF8223603CC100F772DD /* ComponentExampleTests.swift */ = {isa = PBXFileReference; lastKnownFileType = sourcecode.swift; path = ComponentExampleTests.swift; sourceTree = "<group>"; };
		FD13EF8423603CC100F772DD /* Info.plist */ = {isa = PBXFileReference; lastKnownFileType = text.plist.xml; path = Info.plist; sourceTree = "<group>"; };
		FD13EF8923603CC100F772DD /* ComponentExampleUITests.xctest */ = {isa = PBXFileReference; explicitFileType = wrapper.cfbundle; includeInIndex = 0; path = ComponentExampleUITests.xctest; sourceTree = BUILT_PRODUCTS_DIR; };
		FD13EF8D23603CC100F772DD /* ComponentExampleUITests.swift */ = {isa = PBXFileReference; lastKnownFileType = sourcecode.swift; path = ComponentExampleUITests.swift; sourceTree = "<group>"; };
		FD13EF8F23603CC100F772DD /* Info.plist */ = {isa = PBXFileReference; lastKnownFileType = text.plist.xml; path = Info.plist; sourceTree = "<group>"; };
		FD13EF9D23603E2B00F772DD /* CarouselView.xib */ = {isa = PBXFileReference; fileEncoding = 4; lastKnownFileType = file.xib; path = CarouselView.xib; sourceTree = "<group>"; };
		FD13EF9E23603E2B00F772DD /* CarouselView.swift */ = {isa = PBXFileReference; fileEncoding = 4; lastKnownFileType = sourcecode.swift; path = CarouselView.swift; sourceTree = "<group>"; };
		FD50642F236D636300FC8CE2 /* SearchBarPlaceHolder.swift */ = {isa = PBXFileReference; fileEncoding = 4; lastKnownFileType = sourcecode.swift; name = SearchBarPlaceHolder.swift; path = SearchBar/SearchBarPlaceHolder.swift; sourceTree = "<group>"; };
		FD506430236D636300FC8CE2 /* SearchBarView.xib */ = {isa = PBXFileReference; fileEncoding = 4; lastKnownFileType = file.xib; name = SearchBarView.xib; path = SearchBar/SearchBarView.xib; sourceTree = "<group>"; };
		FD506431236D636300FC8CE2 /* SearchBarPlaceHolder.xib */ = {isa = PBXFileReference; fileEncoding = 4; lastKnownFileType = file.xib; name = SearchBarPlaceHolder.xib; path = SearchBar/SearchBarPlaceHolder.xib; sourceTree = "<group>"; };
		FD506432236D636300FC8CE2 /* SearchField.swift */ = {isa = PBXFileReference; fileEncoding = 4; lastKnownFileType = sourcecode.swift; name = SearchField.swift; path = SearchBar/SearchField.swift; sourceTree = "<group>"; };
		FD506433236D636300FC8CE2 /* SearchBarView.swift */ = {isa = PBXFileReference; fileEncoding = 4; lastKnownFileType = sourcecode.swift; name = SearchBarView.swift; path = SearchBar/SearchBarView.swift; sourceTree = "<group>"; };
		FD50643A236D637400FC8CE2 /* AlertController.swift */ = {isa = PBXFileReference; fileEncoding = 4; lastKnownFileType = sourcecode.swift; path = AlertController.swift; sourceTree = "<group>"; };
		FD50643B236D637400FC8CE2 /* AlertController.xib */ = {isa = PBXFileReference; fileEncoding = 4; lastKnownFileType = file.xib; path = AlertController.xib; sourceTree = "<group>"; };
		FD50643F236D638600FC8CE2 /* ShareViewController.xib */ = {isa = PBXFileReference; fileEncoding = 4; lastKnownFileType = file.xib; path = ShareViewController.xib; sourceTree = "<group>"; };
		FD506440236D638600FC8CE2 /* ShareCell.swift */ = {isa = PBXFileReference; fileEncoding = 4; lastKnownFileType = sourcecode.swift; path = ShareCell.swift; sourceTree = "<group>"; };
		FD506441236D638600FC8CE2 /* ShareViewController.swift */ = {isa = PBXFileReference; fileEncoding = 4; lastKnownFileType = sourcecode.swift; path = ShareViewController.swift; sourceTree = "<group>"; };
		FD506442236D638600FC8CE2 /* ShareCell.xib */ = {isa = PBXFileReference; fileEncoding = 4; lastKnownFileType = file.xib; path = ShareCell.xib; sourceTree = "<group>"; };
		FD506444236D638600FC8CE2 /* BottomLineTextField.swift */ = {isa = PBXFileReference; fileEncoding = 4; lastKnownFileType = sourcecode.swift; path = BottomLineTextField.swift; sourceTree = "<group>"; };
		FD506445236D638600FC8CE2 /* LoginTextField.swift */ = {isa = PBXFileReference; fileEncoding = 4; lastKnownFileType = sourcecode.swift; path = LoginTextField.swift; sourceTree = "<group>"; };
		FD506447236D638600FC8CE2 /* SearchBarPlaceHolder.swift */ = {isa = PBXFileReference; fileEncoding = 4; lastKnownFileType = sourcecode.swift; path = SearchBarPlaceHolder.swift; sourceTree = "<group>"; };
		FD506448236D638600FC8CE2 /* SearchBarView.swift */ = {isa = PBXFileReference; fileEncoding = 4; lastKnownFileType = sourcecode.swift; path = SearchBarView.swift; sourceTree = "<group>"; };
		FD506449236D638600FC8CE2 /* SearchBarView.xib */ = {isa = PBXFileReference; fileEncoding = 4; lastKnownFileType = file.xib; path = SearchBarView.xib; sourceTree = "<group>"; };
		FD50644A236D638600FC8CE2 /* SearchField.swift */ = {isa = PBXFileReference; fileEncoding = 4; lastKnownFileType = sourcecode.swift; path = SearchField.swift; sourceTree = "<group>"; };
		FD50644B236D638600FC8CE2 /* SearchBarPlaceHolder.xib */ = {isa = PBXFileReference; fileEncoding = 4; lastKnownFileType = file.xib; path = SearchBarPlaceHolder.xib; sourceTree = "<group>"; };
		FD506457236D639C00FC8CE2 /* NSAttributedString+Extensions.swift */ = {isa = PBXFileReference; fileEncoding = 4; lastKnownFileType = sourcecode.swift; path = "NSAttributedString+Extensions.swift"; sourceTree = "<group>"; };
		FD506458236D639C00FC8CE2 /* UIKit+Highlightable.swift */ = {isa = PBXFileReference; fileEncoding = 4; lastKnownFileType = sourcecode.swift; path = "UIKit+Highlightable.swift"; sourceTree = "<group>"; };
		FD506459236D639C00FC8CE2 /* Double+Extension.swift */ = {isa = PBXFileReference; fileEncoding = 4; lastKnownFileType = sourcecode.swift; path = "Double+Extension.swift"; sourceTree = "<group>"; };
		FD50645A236D639C00FC8CE2 /* String+Extension.swift */ = {isa = PBXFileReference; fileEncoding = 4; lastKnownFileType = sourcecode.swift; path = "String+Extension.swift"; sourceTree = "<group>"; };
		FD50645B236D639C00FC8CE2 /* Collect+RemoveIndexs.swift */ = {isa = PBXFileReference; fileEncoding = 4; lastKnownFileType = sourcecode.swift; path = "Collect+RemoveIndexs.swift"; sourceTree = "<group>"; };
		FD506462236D63AD00FC8CE2 /* PresentTransitionHandler.swift */ = {isa = PBXFileReference; fileEncoding = 4; lastKnownFileType = sourcecode.swift; path = PresentTransitionHandler.swift; sourceTree = "<group>"; };
		FD506463236D63AD00FC8CE2 /* CustomPresentTransition.swift */ = {isa = PBXFileReference; fileEncoding = 4; lastKnownFileType = sourcecode.swift; path = CustomPresentTransition.swift; sourceTree = "<group>"; };
		FD506464236D63AD00FC8CE2 /* PresentScaleAnimator.swift */ = {isa = PBXFileReference; fileEncoding = 4; lastKnownFileType = sourcecode.swift; path = PresentScaleAnimator.swift; sourceTree = "<group>"; };
		FD506465236D63AD00FC8CE2 /* PresentControllerProtocol.swift */ = {isa = PBXFileReference; fileEncoding = 4; lastKnownFileType = sourcecode.swift; path = PresentControllerProtocol.swift; sourceTree = "<group>"; };
		FD506466236D63AD00FC8CE2 /* PresentAnimatorProtocol.swift */ = {isa = PBXFileReference; fileEncoding = 4; lastKnownFileType = sourcecode.swift; path = PresentAnimatorProtocol.swift; sourceTree = "<group>"; };
		FD506467236D63AD00FC8CE2 /* PresentCoverVerticalAnimator.swift */ = {isa = PBXFileReference; fileEncoding = 4; lastKnownFileType = sourcecode.swift; path = PresentCoverVerticalAnimator.swift; sourceTree = "<group>"; };
		FD506468236D63AD00FC8CE2 /* ConstUrl.swift */ = {isa = PBXFileReference; fileEncoding = 4; lastKnownFileType = sourcecode.swift; path = ConstUrl.swift; sourceTree = "<group>"; };
		FD506469236D63AD00FC8CE2 /* BaseViewModel.swift */ = {isa = PBXFileReference; fileEncoding = 4; lastKnownFileType = sourcecode.swift; path = BaseViewModel.swift; sourceTree = "<group>"; };
		FD50646A236D63AD00FC8CE2 /* MJRefreshHeaderBridge.swift */ = {isa = PBXFileReference; fileEncoding = 4; lastKnownFileType = sourcecode.swift; path = MJRefreshHeaderBridge.swift; sourceTree = "<group>"; };
		FD50646B236D63AD00FC8CE2 /* StaticInfo.swift */ = {isa = PBXFileReference; fileEncoding = 4; lastKnownFileType = sourcecode.swift; path = StaticInfo.swift; sourceTree = "<group>"; };
		FD50646C236D63AD00FC8CE2 /* ConstUtil.swift */ = {isa = PBXFileReference; fileEncoding = 4; lastKnownFileType = sourcecode.swift; path = ConstUtil.swift; sourceTree = "<group>"; };
		FD50646E236D63AD00FC8CE2 /* RequestPageDataHandler.swift */ = {isa = PBXFileReference; fileEncoding = 4; lastKnownFileType = sourcecode.swift; path = RequestPageDataHandler.swift; sourceTree = "<group>"; };
		FD50646F236D63AD00FC8CE2 /* PagingRequestManager.swift */ = {isa = PBXFileReference; fileEncoding = 4; lastKnownFileType = sourcecode.swift; path = PagingRequestManager.swift; sourceTree = "<group>"; };
		FD506470236D63AD00FC8CE2 /* RequestPageDataProtocol.swift */ = {isa = PBXFileReference; fileEncoding = 4; lastKnownFileType = sourcecode.swift; path = RequestPageDataProtocol.swift; sourceTree = "<group>"; };
		FD506471236D63AD00FC8CE2 /* RequestedPageDataModel.swift */ = {isa = PBXFileReference; fileEncoding = 4; lastKnownFileType = sourcecode.swift; path = RequestedPageDataModel.swift; sourceTree = "<group>"; };
		FD506472236D63AD00FC8CE2 /* PagableRequestModel.swift */ = {isa = PBXFileReference; fileEncoding = 4; lastKnownFileType = sourcecode.swift; path = PagableRequestModel.swift; sourceTree = "<group>"; };
		FD506473236D63AD00FC8CE2 /* PagableRequestProtocol.swift */ = {isa = PBXFileReference; fileEncoding = 4; lastKnownFileType = sourcecode.swift; path = PagableRequestProtocol.swift; sourceTree = "<group>"; };
		FD506474236D63AD00FC8CE2 /* Highlightable.swift */ = {isa = PBXFileReference; fileEncoding = 4; lastKnownFileType = sourcecode.swift; path = Highlightable.swift; sourceTree = "<group>"; };
		FD506475236D63AD00FC8CE2 /* HttpHeader.swift */ = {isa = PBXFileReference; fileEncoding = 4; lastKnownFileType = sourcecode.swift; path = HttpHeader.swift; sourceTree = "<group>"; };
		FD506476236D63AD00FC8CE2 /* NetworkUtil.swift */ = {isa = PBXFileReference; fileEncoding = 4; lastKnownFileType = sourcecode.swift; path = NetworkUtil.swift; sourceTree = "<group>"; };
		FD506477236D63AD00FC8CE2 /* ValidUtil.swift */ = {isa = PBXFileReference; fileEncoding = 4; lastKnownFileType = sourcecode.swift; path = ValidUtil.swift; sourceTree = "<group>"; };
		FD506478236D63AD00FC8CE2 /* JSONSubscriptEnum.swift */ = {isa = PBXFileReference; fileEncoding = 4; lastKnownFileType = sourcecode.swift; path = JSONSubscriptEnum.swift; sourceTree = "<group>"; };
		FD669F9B236D7C9100262A94 /* SwiftObjc-Bridging.h */ = {isa = PBXFileReference; lastKnownFileType = sourcecode.c.h; path = "SwiftObjc-Bridging.h"; sourceTree = "<group>"; };
/* End PBXFileReference section */

/* Begin PBXFrameworksBuildPhase section */
		FD13EF6523603CBF00F772DD /* Frameworks */ = {
			isa = PBXFrameworksBuildPhase;
			buildActionMask = 2147483647;
			files = (
				4EC4220F098B06ED94ADBC59 /* Pods_abs_name_ComponentExample.framework in Frameworks */,
			);
			runOnlyForDeploymentPostprocessing = 0;
		};
		FD13EF7B23603CC100F772DD /* Frameworks */ = {
			isa = PBXFrameworksBuildPhase;
			buildActionMask = 2147483647;
			files = (
			);
			runOnlyForDeploymentPostprocessing = 0;
		};
		FD13EF8623603CC100F772DD /* Frameworks */ = {
			isa = PBXFrameworksBuildPhase;
			buildActionMask = 2147483647;
			files = (
			);
			runOnlyForDeploymentPostprocessing = 0;
		};
/* End PBXFrameworksBuildPhase section */

/* Begin PBXGroup section */
		412832376D511B697CE93977 /* Frameworks */ = {
			isa = PBXGroup;
			children = (
				15B2859141BAA08532A91FF7 /* Pods_abs_name_ComponentExample.framework */,
			);
			name = Frameworks;
			sourceTree = "<group>";
		};
		B86A1503CF366E6617D78043 /* Pods */ = {
			isa = PBXGroup;
			children = (
				0F003C1B53EA0EB0549EC19C /* Pods-abs_name-ComponentExample.debug.xcconfig */,
				89E8CE9F36B07D46214AE3B0 /* Pods-abs_name-ComponentExample.release.xcconfig */,
			);
			path = Pods;
			sourceTree = "<group>";
		};
		FD13EF5F23603CBE00F772DD = {
			isa = PBXGroup;
			children = (
				FD5130E4236AD4DB00337567 /* UI */,
				FD5130DE236ACEDB00337567 /* Extensions */,
				FD5130DD236ACECD00337567 /* Utils */,
				FD13EF9C23603D7B00F772DD /* CarouselBanner */,
				FD13EF6A23603CBF00F772DD /* ComponentExample */,
				FD13EF8123603CC100F772DD /* ComponentExampleTests */,
				FD13EF8C23603CC100F772DD /* ComponentExampleUITests */,
				FD13EF6923603CBF00F772DD /* Products */,
				B86A1503CF366E6617D78043 /* Pods */,
				412832376D511B697CE93977 /* Frameworks */,
				FD669F9B236D7C9100262A94 /* SwiftObjc-Bridging.h */,
			);
			sourceTree = "<group>";
		};
		FD13EF6923603CBF00F772DD /* Products */ = {
			isa = PBXGroup;
			children = (
				FD13EF6823603CBF00F772DD /* ComponentExample.app */,
				FD13EF7E23603CC100F772DD /* ComponentExampleTests.xctest */,
				FD13EF8923603CC100F772DD /* ComponentExampleUITests.xctest */,
			);
			name = Products;
			sourceTree = "<group>";
		};
		FD13EF6A23603CBF00F772DD /* ComponentExample */ = {
			isa = PBXGroup;
			children = (
				FD13EF6B23603CBF00F772DD /* AppDelegate.swift */,
				FD13EF6D23603CBF00F772DD /* SceneDelegate.swift */,
				FD13EF6F23603CBF00F772DD /* ContentView.swift */,
				FD13EF7123603CC100F772DD /* Assets.xcassets */,
				FD13EF7623603CC100F772DD /* LaunchScreen.storyboard */,
				FD13EF7923603CC100F772DD /* Info.plist */,
				FD13EF7323603CC100F772DD /* Preview Content */,
			);
			path = ComponentExample;
			sourceTree = "<group>";
		};
		FD13EF7323603CC100F772DD /* Preview Content */ = {
			isa = PBXGroup;
			children = (
				FD13EF7423603CC100F772DD /* Preview Assets.xcassets */,
			);
			path = "Preview Content";
			sourceTree = "<group>";
		};
		FD13EF8123603CC100F772DD /* ComponentExampleTests */ = {
			isa = PBXGroup;
			children = (
				FD13EF8223603CC100F772DD /* ComponentExampleTests.swift */,
				FD13EF8423603CC100F772DD /* Info.plist */,
			);
			path = ComponentExampleTests;
			sourceTree = "<group>";
		};
		FD13EF8C23603CC100F772DD /* ComponentExampleUITests */ = {
			isa = PBXGroup;
			children = (
				FD13EF8D23603CC100F772DD /* ComponentExampleUITests.swift */,
				FD13EF8F23603CC100F772DD /* Info.plist */,
			);
			path = ComponentExampleUITests;
			sourceTree = "<group>";
		};
		FD13EF9C23603D7B00F772DD /* CarouselBanner */ = {
			isa = PBXGroup;
			children = (
				FD13EF9E23603E2B00F772DD /* CarouselView.swift */,
				FD13EF9D23603E2B00F772DD /* CarouselView.xib */,
			);
			path = CarouselBanner;
			sourceTree = "<group>";
		};
		FD506439236D637400FC8CE2 /* AlertController */ = {
			isa = PBXGroup;
			children = (
				FD50643A236D637400FC8CE2 /* AlertController.swift */,
				FD50643B236D637400FC8CE2 /* AlertController.xib */,
			);
			path = AlertController;
			sourceTree = "<group>";
		};
		FD50643E236D638600FC8CE2 /* ShareView */ = {
			isa = PBXGroup;
			children = (
				FD50643F236D638600FC8CE2 /* ShareViewController.xib */,
				FD506440236D638600FC8CE2 /* ShareCell.swift */,
				FD506441236D638600FC8CE2 /* ShareViewController.swift */,
				FD506442236D638600FC8CE2 /* ShareCell.xib */,
			);
			path = ShareView;
			sourceTree = "<group>";
		};
		FD506443236D638600FC8CE2 /* TextField */ = {
			isa = PBXGroup;
			children = (
				FD506444236D638600FC8CE2 /* BottomLineTextField.swift */,
				FD506445236D638600FC8CE2 /* LoginTextField.swift */,
			);
			path = TextField;
			sourceTree = "<group>";
		};
		FD506446236D638600FC8CE2 /* SearchBar */ = {
			isa = PBXGroup;
			children = (
				FD506447236D638600FC8CE2 /* SearchBarPlaceHolder.swift */,
				FD506448236D638600FC8CE2 /* SearchBarView.swift */,
				FD506449236D638600FC8CE2 /* SearchBarView.xib */,
				FD50644A236D638600FC8CE2 /* SearchField.swift */,
				FD50644B236D638600FC8CE2 /* SearchBarPlaceHolder.xib */,
			);
			path = SearchBar;
			sourceTree = "<group>";
		};
		FD506461236D63AD00FC8CE2 /* Animator */ = {
			isa = PBXGroup;
			children = (
				FD506462236D63AD00FC8CE2 /* PresentTransitionHandler.swift */,
				FD506463236D63AD00FC8CE2 /* CustomPresentTransition.swift */,
				FD506464236D63AD00FC8CE2 /* PresentScaleAnimator.swift */,
				FD506465236D63AD00FC8CE2 /* PresentControllerProtocol.swift */,
				FD506466236D63AD00FC8CE2 /* PresentAnimatorProtocol.swift */,
				FD506467236D63AD00FC8CE2 /* PresentCoverVerticalAnimator.swift */,
			);
			path = Animator;
			sourceTree = "<group>";
		};
		FD50646D236D63AD00FC8CE2 /* PagingHandle */ = {
			isa = PBXGroup;
			children = (
				FD50646E236D63AD00FC8CE2 /* RequestPageDataHandler.swift */,
				FD50646F236D63AD00FC8CE2 /* PagingRequestManager.swift */,
				FD506470236D63AD00FC8CE2 /* RequestPageDataProtocol.swift */,
				FD506471236D63AD00FC8CE2 /* RequestedPageDataModel.swift */,
				FD506472236D63AD00FC8CE2 /* PagableRequestModel.swift */,
				FD506473236D63AD00FC8CE2 /* PagableRequestProtocol.swift */,
			);
			path = PagingHandle;
			sourceTree = "<group>";
		};
		FD5130DD236ACECD00337567 /* Utils */ = {
			isa = PBXGroup;
			children = (
				FD506461236D63AD00FC8CE2 /* Animator */,
				FD50646D236D63AD00FC8CE2 /* PagingHandle */,
				FD506469236D63AD00FC8CE2 /* BaseViewModel.swift */,
				FD506468236D63AD00FC8CE2 /* ConstUrl.swift */,
				FD50646C236D63AD00FC8CE2 /* ConstUtil.swift */,
				FD506474236D63AD00FC8CE2 /* Highlightable.swift */,
				FD506475236D63AD00FC8CE2 /* HttpHeader.swift */,
				FD506478236D63AD00FC8CE2 /* JSONSubscriptEnum.swift */,
				FD50646A236D63AD00FC8CE2 /* MJRefreshHeaderBridge.swift */,
				FD506476236D63AD00FC8CE2 /* NetworkUtil.swift */,
				FD50646B236D63AD00FC8CE2 /* StaticInfo.swift */,
				FD506477236D63AD00FC8CE2 /* ValidUtil.swift */,
			);
			path = Utils;
			sourceTree = "<group>";
		};
		FD5130DE236ACEDB00337567 /* Extensions */ = {
			isa = PBXGroup;
			children = (
				FD50645B236D639C00FC8CE2 /* Collect+RemoveIndexs.swift */,
				FD506459236D639C00FC8CE2 /* Double+Extension.swift */,
				FD506457236D639C00FC8CE2 /* NSAttributedString+Extensions.swift */,
				FD50645A236D639C00FC8CE2 /* String+Extension.swift */,
				FD506458236D639C00FC8CE2 /* UIKit+Highlightable.swift */,
			);
			path = Extensions;
			sourceTree = "<group>";
		};
		FD5130E4236AD4DB00337567 /* UI */ = {
			isa = PBXGroup;
			children = (
				FD506446236D638600FC8CE2 /* SearchBar */,
				FD50643E236D638600FC8CE2 /* ShareView */,
				FD506443236D638600FC8CE2 /* TextField */,
				FD506439236D637400FC8CE2 /* AlertController */,
				FD50642F236D636300FC8CE2 /* SearchBarPlaceHolder.swift */,
				FD506431236D636300FC8CE2 /* SearchBarPlaceHolder.xib */,
				FD506433236D636300FC8CE2 /* SearchBarView.swift */,
				FD506430236D636300FC8CE2 /* SearchBarView.xib */,
				FD506432236D636300FC8CE2 /* SearchField.swift */,
			);
			path = UI;
			sourceTree = "<group>";
		};
/* End PBXGroup section */

/* Begin PBXNativeTarget section */
		FD13EF6723603CBF00F772DD /* ComponentExample */ = {
			isa = PBXNativeTarget;
			buildConfigurationList = FD13EF9223603CC100F772DD /* Build configuration list for PBXNativeTarget "ComponentExample" */;
			buildPhases = (
				5436DC187BE94D2C00C3A7F4 /* [CP] Check Pods Manifest.lock */,
				FD13EF6423603CBF00F772DD /* Sources */,
				FD13EF6523603CBF00F772DD /* Frameworks */,
				FD13EF6623603CBF00F772DD /* Resources */,
				5D9B894979586C5AA76F6BD4 /* [CP] Embed Pods Frameworks */,
			);
			buildRules = (
			);
			dependencies = (
			);
			name = ComponentExample;
			productName = ComponentExample;
			productReference = FD13EF6823603CBF00F772DD /* ComponentExample.app */;
			productType = "com.apple.product-type.application";
		};
		FD13EF7D23603CC100F772DD /* ComponentExampleTests */ = {
			isa = PBXNativeTarget;
			buildConfigurationList = FD13EF9523603CC100F772DD /* Build configuration list for PBXNativeTarget "ComponentExampleTests" */;
			buildPhases = (
				FD13EF7A23603CC100F772DD /* Sources */,
				FD13EF7B23603CC100F772DD /* Frameworks */,
				FD13EF7C23603CC100F772DD /* Resources */,
			);
			buildRules = (
			);
			dependencies = (
				FD13EF8023603CC100F772DD /* PBXTargetDependency */,
			);
			name = ComponentExampleTests;
			productName = ComponentExampleTests;
			productReference = FD13EF7E23603CC100F772DD /* ComponentExampleTests.xctest */;
			productType = "com.apple.product-type.bundle.unit-test";
		};
		FD13EF8823603CC100F772DD /* ComponentExampleUITests */ = {
			isa = PBXNativeTarget;
			buildConfigurationList = FD13EF9823603CC100F772DD /* Build configuration list for PBXNativeTarget "ComponentExampleUITests" */;
			buildPhases = (
				FD13EF8523603CC100F772DD /* Sources */,
				FD13EF8623603CC100F772DD /* Frameworks */,
				FD13EF8723603CC100F772DD /* Resources */,
			);
			buildRules = (
			);
			dependencies = (
				FD13EF8B23603CC100F772DD /* PBXTargetDependency */,
			);
			name = ComponentExampleUITests;
			productName = ComponentExampleUITests;
			productReference = FD13EF8923603CC100F772DD /* ComponentExampleUITests.xctest */;
			productType = "com.apple.product-type.bundle.ui-testing";
		};
/* End PBXNativeTarget section */

/* Begin PBXProject section */
		FD13EF6023603CBF00F772DD /* Project object */ = {
			isa = PBXProject;
			attributes = {
				LastSwiftUpdateCheck = 1110;
				LastUpgradeCheck = 1110;
				ORGANIZATIONNAME = symbool;
				TargetAttributes = {
					FD13EF6723603CBF00F772DD = {
						CreatedOnToolsVersion = 11.1;
						LastSwiftMigration = 1110;
					};
					FD13EF7D23603CC100F772DD = {
						CreatedOnToolsVersion = 11.1;
						TestTargetID = FD13EF6723603CBF00F772DD;
					};
					FD13EF8823603CC100F772DD = {
						CreatedOnToolsVersion = 11.1;
						TestTargetID = FD13EF6723603CBF00F772DD;
					};
				};
			};
			buildConfigurationList = FD13EF6323603CBF00F772DD /* Build configuration list for PBXProject "ComponentExample" */;
			compatibilityVersion = "Xcode 9.3";
			developmentRegion = en;
			hasScannedForEncodings = 0;
			knownRegions = (
				en,
				Base,
			);
			mainGroup = FD13EF5F23603CBE00F772DD;
			productRefGroup = FD13EF6923603CBF00F772DD /* Products */;
			projectDirPath = "";
			projectRoot = "";
			targets = (
				FD13EF6723603CBF00F772DD /* ComponentExample */,
				FD13EF7D23603CC100F772DD /* ComponentExampleTests */,
				FD13EF8823603CC100F772DD /* ComponentExampleUITests */,
			);
		};
/* End PBXProject section */

/* Begin PBXResourcesBuildPhase section */
		FD13EF6623603CBF00F772DD /* Resources */ = {
			isa = PBXResourcesBuildPhase;
			buildActionMask = 2147483647;
			files = (
				FD13EF7823603CC100F772DD /* LaunchScreen.storyboard in Resources */,
				FD506435236D636300FC8CE2 /* SearchBarView.xib in Resources */,
				FD50644C236D638600FC8CE2 /* ShareViewController.xib in Resources */,
				FD13EF7523603CC100F772DD /* Preview Assets.xcassets in Resources */,
				FD13EF9F23603E2C00F772DD /* CarouselView.xib in Resources */,
				FD506456236D638600FC8CE2 /* SearchBarPlaceHolder.xib in Resources */,
				FD13EF7223603CC100F772DD /* Assets.xcassets in Resources */,
				FD506454236D638600FC8CE2 /* SearchBarView.xib in Resources */,
				FD50644F236D638600FC8CE2 /* ShareCell.xib in Resources */,
				FD506436236D636300FC8CE2 /* SearchBarPlaceHolder.xib in Resources */,
				FD50643D236D637400FC8CE2 /* AlertController.xib in Resources */,
			);
			runOnlyForDeploymentPostprocessing = 0;
		};
		FD13EF7C23603CC100F772DD /* Resources */ = {
			isa = PBXResourcesBuildPhase;
			buildActionMask = 2147483647;
			files = (
			);
			runOnlyForDeploymentPostprocessing = 0;
		};
		FD13EF8723603CC100F772DD /* Resources */ = {
			isa = PBXResourcesBuildPhase;
			buildActionMask = 2147483647;
			files = (
			);
			runOnlyForDeploymentPostprocessing = 0;
		};
/* End PBXResourcesBuildPhase section */

/* Begin PBXShellScriptBuildPhase section */
		5436DC187BE94D2C00C3A7F4 /* [CP] Check Pods Manifest.lock */ = {
			isa = PBXShellScriptBuildPhase;
			buildActionMask = 2147483647;
			files = (
			);
			inputFileListPaths = (
			);
			inputPaths = (
				"${PODS_PODFILE_DIR_PATH}/Podfile.lock",
				"${PODS_ROOT}/Manifest.lock",
			);
			name = "[CP] Check Pods Manifest.lock";
			outputFileListPaths = (
			);
			outputPaths = (
				"$(DERIVED_FILE_DIR)/Pods-abs_name-ComponentExample-checkManifestLockResult.txt",
			);
			runOnlyForDeploymentPostprocessing = 0;
			shellPath = /bin/sh;
			shellScript = "diff \"${PODS_PODFILE_DIR_PATH}/Podfile.lock\" \"${PODS_ROOT}/Manifest.lock\" > /dev/null\nif [ $? != 0 ] ; then\n    # print error to STDERR\n    echo \"error: The sandbox is not in sync with the Podfile.lock. Run 'pod install' or update your CocoaPods installation.\" >&2\n    exit 1\nfi\n# This output is used by Xcode 'outputs' to avoid re-running this script phase.\necho \"SUCCESS\" > \"${SCRIPT_OUTPUT_FILE_0}\"\n";
			showEnvVarsInLog = 0;
		};
		5D9B894979586C5AA76F6BD4 /* [CP] Embed Pods Frameworks */ = {
			isa = PBXShellScriptBuildPhase;
			buildActionMask = 2147483647;
			files = (
			);
			inputFileListPaths = (
				"${PODS_ROOT}/Target Support Files/Pods-abs_name-ComponentExample/Pods-abs_name-ComponentExample-frameworks-${CONFIGURATION}-input-files.xcfilelist",
			);
			name = "[CP] Embed Pods Frameworks";
			outputFileListPaths = (
				"${PODS_ROOT}/Target Support Files/Pods-abs_name-ComponentExample/Pods-abs_name-ComponentExample-frameworks-${CONFIGURATION}-output-files.xcfilelist",
			);
			runOnlyForDeploymentPostprocessing = 0;
			shellPath = /bin/sh;
			shellScript = "\"${PODS_ROOT}/Target Support Files/Pods-abs_name-ComponentExample/Pods-abs_name-ComponentExample-frameworks.sh\"\n";
			showEnvVarsInLog = 0;
		};
/* End PBXShellScriptBuildPhase section */

/* Begin PBXSourcesBuildPhase section */
		FD13EF6423603CBF00F772DD /* Sources */ = {
			isa = PBXSourcesBuildPhase;
			buildActionMask = 2147483647;
			files = (
				FD506437236D636300FC8CE2 /* SearchField.swift in Sources */,
				FD50647A236D63AD00FC8CE2 /* CustomPresentTransition.swift in Sources */,
				FD506481236D63AD00FC8CE2 /* MJRefreshHeaderBridge.swift in Sources */,
				FD50645E236D639C00FC8CE2 /* Double+Extension.swift in Sources */,
				FD50647E236D63AD00FC8CE2 /* PresentCoverVerticalAnimator.swift in Sources */,
				FD506489236D63AD00FC8CE2 /* PagableRequestProtocol.swift in Sources */,
				FD506487236D63AD00FC8CE2 /* RequestedPageDataModel.swift in Sources */,
				FD50648B236D63AD00FC8CE2 /* HttpHeader.swift in Sources */,
				FD50645C236D639C00FC8CE2 /* NSAttributedString+Extensions.swift in Sources */,
				FD13EF6C23603CBF00F772DD /* AppDelegate.swift in Sources */,
				FD50644E236D638600FC8CE2 /* ShareViewController.swift in Sources */,
				FD50648E236D63AD00FC8CE2 /* JSONSubscriptEnum.swift in Sources */,
				FD50647C236D63AD00FC8CE2 /* PresentControllerProtocol.swift in Sources */,
				FD506483236D63AD00FC8CE2 /* ConstUtil.swift in Sources */,
				FD506434236D636300FC8CE2 /* SearchBarPlaceHolder.swift in Sources */,
				FD506486236D63AD00FC8CE2 /* RequestPageDataProtocol.swift in Sources */,
				FD506455236D638600FC8CE2 /* SearchField.swift in Sources */,
				FD50647F236D63AD00FC8CE2 /* ConstUrl.swift in Sources */,
				FD50643C236D637400FC8CE2 /* AlertController.swift in Sources */,
				FD13EF6E23603CBF00F772DD /* SceneDelegate.swift in Sources */,
				FD506480236D63AD00FC8CE2 /* BaseViewModel.swift in Sources */,
				FD506488236D63AD00FC8CE2 /* PagableRequestModel.swift in Sources */,
				FD506482236D63AD00FC8CE2 /* StaticInfo.swift in Sources */,
				FD506484236D63AD00FC8CE2 /* RequestPageDataHandler.swift in Sources */,
				FD50647D236D63AD00FC8CE2 /* PresentAnimatorProtocol.swift in Sources */,
				FD13EFA023603E2C00F772DD /* CarouselView.swift in Sources */,
				FD506460236D639C00FC8CE2 /* Collect+RemoveIndexs.swift in Sources */,
				FD506453236D638600FC8CE2 /* SearchBarView.swift in Sources */,
				FD506485236D63AD00FC8CE2 /* PagingRequestManager.swift in Sources */,
				FD50647B236D63AD00FC8CE2 /* PresentScaleAnimator.swift in Sources */,
				FD13EF7023603CBF00F772DD /* ContentView.swift in Sources */,
				FD506450236D638600FC8CE2 /* BottomLineTextField.swift in Sources */,
				FD506452236D638600FC8CE2 /* SearchBarPlaceHolder.swift in Sources */,
			);
			runOnlyForDeploymentPostprocessing = 0;
		};
		FD13EF7A23603CC100F772DD /* Sources */ = {
			isa = PBXSourcesBuildPhase;
			buildActionMask = 2147483647;
			files = (
				FD13EF8323603CC100F772DD /* ComponentExampleTests.swift in Sources */,
			);
			runOnlyForDeploymentPostprocessing = 0;
		};
		FD13EF8523603CC100F772DD /* Sources */ = {
			isa = PBXSourcesBuildPhase;
			buildActionMask = 2147483647;
			files = (
				FD13EF8E23603CC100F772DD /* ComponentExampleUITests.swift in Sources */,
			);
			runOnlyForDeploymentPostprocessing = 0;
		};
/* End PBXSourcesBuildPhase section */

/* Begin PBXTargetDependency section */
		FD13EF8023603CC100F772DD /* PBXTargetDependency */ = {
			isa = PBXTargetDependency;
			target = FD13EF6723603CBF00F772DD /* ComponentExample */;
			targetProxy = FD13EF7F23603CC100F772DD /* PBXContainerItemProxy */;
		};
		FD13EF8B23603CC100F772DD /* PBXTargetDependency */ = {
			isa = PBXTargetDependency;
			target = FD13EF6723603CBF00F772DD /* ComponentExample */;
			targetProxy = FD13EF8A23603CC100F772DD /* PBXContainerItemProxy */;
		};
/* End PBXTargetDependency section */

/* Begin PBXVariantGroup section */
		FD13EF7623603CC100F772DD /* LaunchScreen.storyboard */ = {
			isa = PBXVariantGroup;
			children = (
				FD13EF7723603CC100F772DD /* Base */,
			);
			name = LaunchScreen.storyboard;
			sourceTree = "<group>";
		};
/* End PBXVariantGroup section */

/* Begin XCBuildConfiguration section */
		FD13EF9023603CC100F772DD /* Debug */ = {
			isa = XCBuildConfiguration;
			buildSettings = {
				ALWAYS_SEARCH_USER_PATHS = NO;
				CLANG_ANALYZER_NONNULL = YES;
				CLANG_ANALYZER_NUMBER_OBJECT_CONVERSION = YES_AGGRESSIVE;
				CLANG_CXX_LANGUAGE_STANDARD = "gnu++14";
				CLANG_CXX_LIBRARY = "libc++";
				CLANG_ENABLE_MODULES = YES;
				CLANG_ENABLE_OBJC_ARC = YES;
				CLANG_ENABLE_OBJC_WEAK = YES;
				CLANG_WARN_BLOCK_CAPTURE_AUTORELEASING = YES;
				CLANG_WARN_BOOL_CONVERSION = YES;
				CLANG_WARN_COMMA = YES;
				CLANG_WARN_CONSTANT_CONVERSION = YES;
				CLANG_WARN_DEPRECATED_OBJC_IMPLEMENTATIONS = YES;
				CLANG_WARN_DIRECT_OBJC_ISA_USAGE = YES_ERROR;
				CLANG_WARN_DOCUMENTATION_COMMENTS = YES;
				CLANG_WARN_EMPTY_BODY = YES;
				CLANG_WARN_ENUM_CONVERSION = YES;
				CLANG_WARN_INFINITE_RECURSION = YES;
				CLANG_WARN_INT_CONVERSION = YES;
				CLANG_WARN_NON_LITERAL_NULL_CONVERSION = YES;
				CLANG_WARN_OBJC_IMPLICIT_RETAIN_SELF = YES;
				CLANG_WARN_OBJC_LITERAL_CONVERSION = YES;
				CLANG_WARN_OBJC_ROOT_CLASS = YES_ERROR;
				CLANG_WARN_RANGE_LOOP_ANALYSIS = YES;
				CLANG_WARN_STRICT_PROTOTYPES = YES;
				CLANG_WARN_SUSPICIOUS_MOVE = YES;
				CLANG_WARN_UNGUARDED_AVAILABILITY = YES_AGGRESSIVE;
				CLANG_WARN_UNREACHABLE_CODE = YES;
				CLANG_WARN__DUPLICATE_METHOD_MATCH = YES;
				COPY_PHASE_STRIP = NO;
				DEBUG_INFORMATION_FORMAT = dwarf;
				ENABLE_STRICT_OBJC_MSGSEND = YES;
				ENABLE_TESTABILITY = YES;
				GCC_C_LANGUAGE_STANDARD = gnu11;
				GCC_DYNAMIC_NO_PIC = NO;
				GCC_NO_COMMON_BLOCKS = YES;
				GCC_OPTIMIZATION_LEVEL = 0;
				GCC_PREPROCESSOR_DEFINITIONS = (
					"DEBUG=1",
					"$(inherited)",
				);
				GCC_WARN_64_TO_32_BIT_CONVERSION = YES;
				GCC_WARN_ABOUT_RETURN_TYPE = YES_ERROR;
				GCC_WARN_UNDECLARED_SELECTOR = YES;
				GCC_WARN_UNINITIALIZED_AUTOS = YES_AGGRESSIVE;
				GCC_WARN_UNUSED_FUNCTION = YES;
				GCC_WARN_UNUSED_VARIABLE = YES;
				IPHONEOS_DEPLOYMENT_TARGET = 13.1;
				MTL_ENABLE_DEBUG_INFO = INCLUDE_SOURCE;
				MTL_FAST_MATH = YES;
				ONLY_ACTIVE_ARCH = YES;
				SDKROOT = iphoneos;
				SWIFT_ACTIVE_COMPILATION_CONDITIONS = DEBUG;
				SWIFT_OPTIMIZATION_LEVEL = "-Onone";
			};
			name = Debug;
		};
		FD13EF9123603CC100F772DD /* Release */ = {
			isa = XCBuildConfiguration;
			buildSettings = {
				ALWAYS_SEARCH_USER_PATHS = NO;
				CLANG_ANALYZER_NONNULL = YES;
				CLANG_ANALYZER_NUMBER_OBJECT_CONVERSION = YES_AGGRESSIVE;
				CLANG_CXX_LANGUAGE_STANDARD = "gnu++14";
				CLANG_CXX_LIBRARY = "libc++";
				CLANG_ENABLE_MODULES = YES;
				CLANG_ENABLE_OBJC_ARC = YES;
				CLANG_ENABLE_OBJC_WEAK = YES;
				CLANG_WARN_BLOCK_CAPTURE_AUTORELEASING = YES;
				CLANG_WARN_BOOL_CONVERSION = YES;
				CLANG_WARN_COMMA = YES;
				CLANG_WARN_CONSTANT_CONVERSION = YES;
				CLANG_WARN_DEPRECATED_OBJC_IMPLEMENTATIONS = YES;
				CLANG_WARN_DIRECT_OBJC_ISA_USAGE = YES_ERROR;
				CLANG_WARN_DOCUMENTATION_COMMENTS = YES;
				CLANG_WARN_EMPTY_BODY = YES;
				CLANG_WARN_ENUM_CONVERSION = YES;
				CLANG_WARN_INFINITE_RECURSION = YES;
				CLANG_WARN_INT_CONVERSION = YES;
				CLANG_WARN_NON_LITERAL_NULL_CONVERSION = YES;
				CLANG_WARN_OBJC_IMPLICIT_RETAIN_SELF = YES;
				CLANG_WARN_OBJC_LITERAL_CONVERSION = YES;
				CLANG_WARN_OBJC_ROOT_CLASS = YES_ERROR;
				CLANG_WARN_RANGE_LOOP_ANALYSIS = YES;
				CLANG_WARN_STRICT_PROTOTYPES = YES;
				CLANG_WARN_SUSPICIOUS_MOVE = YES;
				CLANG_WARN_UNGUARDED_AVAILABILITY = YES_AGGRESSIVE;
				CLANG_WARN_UNREACHABLE_CODE = YES;
				CLANG_WARN__DUPLICATE_METHOD_MATCH = YES;
				COPY_PHASE_STRIP = NO;
				DEBUG_INFORMATION_FORMAT = "dwarf-with-dsym";
				ENABLE_NS_ASSERTIONS = NO;
				ENABLE_STRICT_OBJC_MSGSEND = YES;
				GCC_C_LANGUAGE_STANDARD = gnu11;
				GCC_NO_COMMON_BLOCKS = YES;
				GCC_WARN_64_TO_32_BIT_CONVERSION = YES;
				GCC_WARN_ABOUT_RETURN_TYPE = YES_ERROR;
				GCC_WARN_UNDECLARED_SELECTOR = YES;
				GCC_WARN_UNINITIALIZED_AUTOS = YES_AGGRESSIVE;
				GCC_WARN_UNUSED_FUNCTION = YES;
				GCC_WARN_UNUSED_VARIABLE = YES;
				IPHONEOS_DEPLOYMENT_TARGET = 13.1;
				MTL_ENABLE_DEBUG_INFO = NO;
				MTL_FAST_MATH = YES;
				SDKROOT = iphoneos;
				SWIFT_COMPILATION_MODE = wholemodule;
				SWIFT_OPTIMIZATION_LEVEL = "-O";
				VALIDATE_PRODUCT = YES;
			};
			name = Release;
		};
		FD13EF9323603CC100F772DD /* Debug */ = {
			isa = XCBuildConfiguration;
			baseConfigurationReference = 0F003C1B53EA0EB0549EC19C /* Pods-abs_name-ComponentExample.debug.xcconfig */;
			buildSettings = {
				ASSETCATALOG_COMPILER_APPICON_NAME = AppIcon;
				CLANG_ENABLE_MODULES = YES;
				CODE_SIGN_STYLE = Automatic;
				DEVELOPMENT_ASSET_PATHS = "\"ComponentExample/Preview Content\"";
				DEVELOPMENT_TEAM = 6BSSWYSUZ3;
				ENABLE_PREVIEWS = YES;
				INFOPLIST_FILE = ComponentExample/Info.plist;
				LD_RUNPATH_SEARCH_PATHS = (
					"$(inherited)",
					"@executable_path/Frameworks",
				);
				PRODUCT_BUNDLE_IDENTIFIER = com.Symbool.ComponentExample;
				PRODUCT_NAME = "$(TARGET_NAME)";
				SWIFT_OBJC_BRIDGING_HEADER = "SwiftObjc-Bridging.h";
				SWIFT_OPTIMIZATION_LEVEL = "-Onone";
				SWIFT_VERSION = 5.0;
				TARGETED_DEVICE_FAMILY = "1,2";
			};
			name = Debug;
		};
		FD13EF9423603CC100F772DD /* Release */ = {
			isa = XCBuildConfiguration;
			baseConfigurationReference = 89E8CE9F36B07D46214AE3B0 /* Pods-abs_name-ComponentExample.release.xcconfig */;
			buildSettings = {
				ASSETCATALOG_COMPILER_APPICON_NAME = AppIcon;
				CLANG_ENABLE_MODULES = YES;
				CODE_SIGN_STYLE = Automatic;
				DEVELOPMENT_ASSET_PATHS = "\"ComponentExample/Preview Content\"";
				DEVELOPMENT_TEAM = 6BSSWYSUZ3;
				ENABLE_PREVIEWS = YES;
				INFOPLIST_FILE = ComponentExample/Info.plist;
				LD_RUNPATH_SEARCH_PATHS = (
					"$(inherited)",
					"@executable_path/Frameworks",
				);
				PRODUCT_BUNDLE_IDENTIFIER = com.Symbool.ComponentExample;
				PRODUCT_NAME = "$(TARGET_NAME)";
				SWIFT_OBJC_BRIDGING_HEADER = "SwiftObjc-Bridging.h";
				SWIFT_VERSION = 5.0;
				TARGETED_DEVICE_FAMILY = "1,2";
			};
			name = Release;
		};
		FD13EF9623603CC100F772DD /* Debug */ = {
			isa = XCBuildConfiguration;
			buildSettings = {
				ALWAYS_EMBED_SWIFT_STANDARD_LIBRARIES = YES;
				BUNDLE_LOADER = "$(TEST_HOST)";
				CODE_SIGN_STYLE = Automatic;
				DEVELOPMENT_TEAM = 6BSSWYSUZ3;
				INFOPLIST_FILE = ComponentExampleTests/Info.plist;
				IPHONEOS_DEPLOYMENT_TARGET = 13.1;
				LD_RUNPATH_SEARCH_PATHS = (
					"$(inherited)",
					"@executable_path/Frameworks",
					"@loader_path/Frameworks",
				);
				PRODUCT_BUNDLE_IDENTIFIER = com.Symbool.ComponentExampleTests;
				PRODUCT_NAME = "$(TARGET_NAME)";
				SWIFT_OBJC_BRIDGING_HEADER = "SwiftObjc-Bridging.h";
				SWIFT_VERSION = 5.0;
				TARGETED_DEVICE_FAMILY = "1,2";
				TEST_HOST = "$(BUILT_PRODUCTS_DIR)/ComponentExample.app/ComponentExample";
			};
			name = Debug;
		};
		FD13EF9723603CC100F772DD /* Release */ = {
			isa = XCBuildConfiguration;
			buildSettings = {
				ALWAYS_EMBED_SWIFT_STANDARD_LIBRARIES = YES;
				BUNDLE_LOADER = "$(TEST_HOST)";
				CODE_SIGN_STYLE = Automatic;
				DEVELOPMENT_TEAM = 6BSSWYSUZ3;
				INFOPLIST_FILE = ComponentExampleTests/Info.plist;
				IPHONEOS_DEPLOYMENT_TARGET = 13.1;
				LD_RUNPATH_SEARCH_PATHS = (
					"$(inherited)",
					"@executable_path/Frameworks",
					"@loader_path/Frameworks",
				);
				PRODUCT_BUNDLE_IDENTIFIER = com.Symbool.ComponentExampleTests;
				PRODUCT_NAME = "$(TARGET_NAME)";
				SWIFT_OBJC_BRIDGING_HEADER = "SwiftObjc-Bridging.h";
				SWIFT_VERSION = 5.0;
				TARGETED_DEVICE_FAMILY = "1,2";
				TEST_HOST = "$(BUILT_PRODUCTS_DIR)/ComponentExample.app/ComponentExample";
			};
			name = Release;
		};
		FD13EF9923603CC100F772DD /* Debug */ = {
			isa = XCBuildConfiguration;
			buildSettings = {
				ALWAYS_EMBED_SWIFT_STANDARD_LIBRARIES = YES;
				CODE_SIGN_STYLE = Automatic;
				DEVELOPMENT_TEAM = 6BSSWYSUZ3;
				INFOPLIST_FILE = ComponentExampleUITests/Info.plist;
				LD_RUNPATH_SEARCH_PATHS = (
					"$(inherited)",
					"@executable_path/Frameworks",
					"@loader_path/Frameworks",
				);
				PRODUCT_BUNDLE_IDENTIFIER = com.Symbool.ComponentExampleUITests;
				PRODUCT_NAME = "$(TARGET_NAME)";
				SWIFT_OBJC_BRIDGING_HEADER = "SwiftObjc-Bridging.h";
				SWIFT_VERSION = 5.0;
				TARGETED_DEVICE_FAMILY = "1,2";
				TEST_TARGET_NAME = ComponentExample;
			};
			name = Debug;
		};
		FD13EF9A23603CC100F772DD /* Release */ = {
			isa = XCBuildConfiguration;
			buildSettings = {
				ALWAYS_EMBED_SWIFT_STANDARD_LIBRARIES = YES;
				CODE_SIGN_STYLE = Automatic;
				DEVELOPMENT_TEAM = 6BSSWYSUZ3;
				INFOPLIST_FILE = ComponentExampleUITests/Info.plist;
				LD_RUNPATH_SEARCH_PATHS = (
					"$(inherited)",
					"@executable_path/Frameworks",
					"@loader_path/Frameworks",
				);
				PRODUCT_BUNDLE_IDENTIFIER = com.Symbool.ComponentExampleUITests;
				PRODUCT_NAME = "$(TARGET_NAME)";
				SWIFT_OBJC_BRIDGING_HEADER = "SwiftObjc-Bridging.h";
				SWIFT_VERSION = 5.0;
				TARGETED_DEVICE_FAMILY = "1,2";
				TEST_TARGET_NAME = ComponentExample;
			};
			name = Release;
		};
/* End XCBuildConfiguration section */

/* Begin XCConfigurationList section */
		FD13EF6323603CBF00F772DD /* Build configuration list for PBXProject "ComponentExample" */ = {
			isa = XCConfigurationList;
			buildConfigurations = (
				FD13EF9023603CC100F772DD /* Debug */,
				FD13EF9123603CC100F772DD /* Release */,
			);
			defaultConfigurationIsVisible = 0;
			defaultConfigurationName = Release;
		};
		FD13EF9223603CC100F772DD /* Build configuration list for PBXNativeTarget "ComponentExample" */ = {
			isa = XCConfigurationList;
			buildConfigurations = (
				FD13EF9323603CC100F772DD /* Debug */,
				FD13EF9423603CC100F772DD /* Release */,
			);
			defaultConfigurationIsVisible = 0;
			defaultConfigurationName = Release;
		};
		FD13EF9523603CC100F772DD /* Build configuration list for PBXNativeTarget "ComponentExampleTests" */ = {
			isa = XCConfigurationList;
			buildConfigurations = (
				FD13EF9623603CC100F772DD /* Debug */,
				FD13EF9723603CC100F772DD /* Release */,
			);
			defaultConfigurationIsVisible = 0;
			defaultConfigurationName = Release;
		};
		FD13EF9823603CC100F772DD /* Build configuration list for PBXNativeTarget "ComponentExampleUITests" */ = {
			isa = XCConfigurationList;
			buildConfigurations = (
				FD13EF9923603CC100F772DD /* Debug */,
				FD13EF9A23603CC100F772DD /* Release */,
			);
			defaultConfigurationIsVisible = 0;
			defaultConfigurationName = Release;
		};
/* End XCConfigurationList section */
	};
	rootObject = FD13EF6023603CBF00F772DD /* Project object */;
}
